
Microsoft Visual Studio Solution File, Format Version 12.00
# Visual Studio Version 17
VisualStudioVersion = 17.0.31903.59
MinimumVisualStudioVersion = 10.0.40219.1
Project("{2150E333-8FDC-42A3-9474-1A3956D46DE8}") = "src", "src", "{827E0CD3-B72D-47B6-A68D-7590B98EB39B}"
EndProject
Project("{FAE04EC0-301F-11D3-BF4B-00C04F79EFBC}") = "Healink.Domain", "src\Healink.Domain\Healink.Domain.csproj", "{CEB5A996-7516-41C9-B5E5-DD9802A38610}"
EndProject
Project("{FAE04EC0-301F-11D3-BF4B-00C04F79EFBC}") = "Healink.Application", "src\Healink.Application\Healink.Application.csproj", "{A72D4693-7062-453F-9882-9A015FF6BED8}"
EndProject
Project("{FAE04EC0-301F-11D3-BF4B-00C04F79EFBC}") = "Healink.Infrastructure", "src\Healink.Infrastructure\Healink.Infrastructure.csproj", "{9022ADD6-645C-4DDE-9ACE-A0473E135704}"
EndProject
Project("{FAE04EC0-301F-11D3-BF4B-00C04F79EFBC}") = "Healink.API", "src\Healink.API\Healink.API.csproj", "{383376D8-0444-4BC7-8426-9C61AFBB00DA}"
EndProject
Global
	GlobalSection(SolutionConfigurationPlatforms) = preSolution
		Debug|Any CPU = Debug|Any CPU
		Debug|x64 = Debug|x64
		Debug|x86 = Debug|x86
		Release|Any CPU = Release|Any CPU
		Release|x64 = Release|x64
		Release|x86 = Release|x86
	EndGlobalSection
	GlobalSection(ProjectConfigurationPlatforms) = postSolution
		{CEB5A996-7516-41C9-B5E5-DD9802A38610}.Debug|Any CPU.ActiveCfg = Debug|Any CPU
		{CEB5A996-7516-41C9-B5E5-DD9802A38610}.Debug|Any CPU.Build.0 = Debug|Any CPU
		{CEB5A996-7516-41C9-B5E5-DD9802A38610}.Debug|x64.ActiveCfg = Debug|Any CPU
		{CEB5A996-7516-41C9-B5E5-DD9802A38610}.Debug|x64.Build.0 = Debug|Any CPU
		{CEB5A996-7516-41C9-B5E5-DD9802A38610}.Debug|x86.ActiveCfg = Debug|Any CPU
		{CEB5A996-7516-41C9-B5E5-DD9802A38610}.Debug|x86.Build.0 = Debug|Any CPU
		{CEB5A996-7516-41C9-B5E5-DD9802A38610}.Release|Any CPU.ActiveCfg = Release|Any CPU
		{CEB5A996-7516-41C9-B5E5-DD9802A38610}.Release|Any CPU.Build.0 = Release|Any CPU
		{CEB5A996-7516-41C9-B5E5-DD9802A38610}.Release|x64.ActiveCfg = Release|Any CPU
		{CEB5A996-7516-41C9-B5E5-DD9802A38610}.Release|x64.Build.0 = Release|Any CPU
		{CEB5A996-7516-41C9-B5E5-DD9802A38610}.Release|x86.ActiveCfg = Release|Any CPU
		{CEB5A996-7516-41C9-B5E5-DD9802A38610}.Release|x86.Build.0 = Release|Any CPU
		{A72D4693-7062-453F-9882-9A015FF6BED8}.Debug|Any CPU.ActiveCfg = Debug|Any CPU
		{A72D4693-7062-453F-9882-9A015FF6BED8}.Debug|Any CPU.Build.0 = Debug|Any CPU
		{A72D4693-7062-453F-9882-9A015FF6BED8}.Debug|x64.ActiveCfg = Debug|Any CPU
		{A72D4693-7062-453F-9882-9A015FF6BED8}.Debug|x64.Build.0 = Debug|Any CPU
		{A72D4693-7062-453F-9882-9A015FF6BED8}.Debug|x86.ActiveCfg = Debug|Any CPU
		{A72D4693-7062-453F-9882-9A015FF6BED8}.Debug|x86.Build.0 = Debug|Any CPU
		{A72D4693-7062-453F-9882-9A015FF6BED8}.Release|Any CPU.ActiveCfg = Release|Any CPU
		{A72D4693-7062-453F-9882-9A015FF6BED8}.Release|Any CPU.Build.0 = Release|Any CPU
		{A72D4693-7062-453F-9882-9A015FF6BED8}.Release|x64.ActiveCfg = Release|Any CPU
		{A72D4693-7062-453F-9882-9A015FF6BED8}.Release|x64.Build.0 = Release|Any CPU
		{A72D4693-7062-453F-9882-9A015FF6BED8}.Release|x86.ActiveCfg = Release|Any CPU
		{A72D4693-7062-453F-9882-9A015FF6BED8}.Release|x86.Build.0 = Release|Any CPU
		{9022ADD6-645C-4DDE-9ACE-A0473E135704}.Debug|Any CPU.ActiveCfg = Debug|Any CPU
		{9022ADD6-645C-4DDE-9ACE-A0473E135704}.Debug|Any CPU.Build.0 = Debug|Any CPU
		{9022ADD6-645C-4DDE-9ACE-A0473E135704}.Debug|x64.ActiveCfg = Debug|Any CPU
		{9022ADD6-645C-4DDE-9ACE-A0473E135704}.Debug|x64.Build.0 = Debug|Any CPU
		{9022ADD6-645C-4DDE-9ACE-A0473E135704}.Debug|x86.ActiveCfg = Debug|Any CPU
		{9022ADD6-645C-4DDE-9ACE-A0473E135704}.Debug|x86.Build.0 = Debug|Any CPU
		{9022ADD6-645C-4DDE-9ACE-A0473E135704}.Release|Any CPU.ActiveCfg = Release|Any CPU
		{9022ADD6-645C-4DDE-9ACE-A0473E135704}.Release|Any CPU.Build.0 = Release|Any CPU
		{9022ADD6-645C-4DDE-9ACE-A0473E135704}.Release|x64.ActiveCfg = Release|Any CPU
		{9022ADD6-645C-4DDE-9ACE-A0473E135704}.Release|x64.Build.0 = Release|Any CPU
		{9022ADD6-645C-4DDE-9ACE-A0473E135704}.Release|x86.ActiveCfg = Release|Any CPU
		{9022ADD6-645C-4DDE-9ACE-A0473E135704}.Release|x86.Build.0 = Release|Any CPU
		{383376D8-0444-4BC7-8426-9C61AFBB00DA}.Debug|Any CPU.ActiveCfg = Debug|Any CPU
		{383376D8-0444-4BC7-8426-9C61AFBB00DA}.Debug|Any CPU.Build.0 = Debug|Any CPU
		{383376D8-0444-4BC7-8426-9C61AFBB00DA}.Debug|x64.ActiveCfg = Debug|Any CPU
		{383376D8-0444-4BC7-8426-9C61AFBB00DA}.Debug|x64.Build.0 = Debug|Any CPU
		{383376D8-0444-4BC7-8426-9C61AFBB00DA}.Debug|x86.ActiveCfg = Debug|Any CPU
		{383376D8-0444-4BC7-8426-9C61AFBB00DA}.Debug|x86.Build.0 = Debug|Any CPU
		{383376D8-0444-4BC7-8426-9C61AFBB00DA}.Release|Any CPU.ActiveCfg = Release|Any CPU
		{383376D8-0444-4BC7-8426-9C61AFBB00DA}.Release|Any CPU.Build.0 = Release|Any CPU
		{383376D8-0444-4BC7-8426-9C61AFBB00DA}.Release|x64.ActiveCfg = Release|Any CPU
		{383376D8-0444-4BC7-8426-9C61AFBB00DA}.Release|x64.Build.0 = Release|Any CPU
		{383376D8-0444-4BC7-8426-9C61AFBB00DA}.Release|x86.ActiveCfg = Release|Any CPU
		{383376D8-0444-4BC7-8426-9C61AFBB00DA}.Release|x86.Build.0 = Release|Any CPU
	EndGlobalSection
	GlobalSection(SolutionProperties) = preSolution
		HideSolutionNode = FALSE
	EndGlobalSection
	GlobalSection(NestedProjects) = preSolution
		{CEB5A996-7516-41C9-B5E5-DD9802A38610} = {827E0CD3-B72D-47B6-A68D-7590B98EB39B}
		{A72D4693-7062-453F-9882-9A015FF6BED8} = {827E0CD3-B72D-47B6-A68D-7590B98EB39B}
		{9022ADD6-645C-4DDE-9ACE-A0473E135704} = {827E0CD3-B72D-47B6-A68D-7590B98EB39B}
		{383376D8-0444-4BC7-8426-9C61AFBB00DA} = {827E0CD3-B72D-47B6-A68D-7590B98EB39B}
	EndGlobalSection
EndGlobal
